
Microsoft Visual Studio Solution File, Format Version 12.00
# Visual Studio 15
VisualStudioVersion = 15.0.34031.82
MinimumVisualStudioVersion = 10.0.40219.1
Project("{8BC9CEB8-8B4A-11D0-8D11-00A0C91BC942}") = "P23", "P23\P23.vcxproj", "{C050356E-4DAF-4145-8033-7A7E7AFDB622}"
EndProject
Global
	GlobalSection(SolutionConfigurationPlatforms) = preSolution
		Debug|x64 = Debug|x64
		Debug|x86 = Debug|x86
		Release|x64 = Release|x64
		Release|x86 = Release|x86
	EndGlobalSection
	GlobalSection(ProjectConfigurationPlatforms) = postSolution
		{C050356E-4DAF-4145-8033-7A7E7AFDB622}.Debug|x64.ActiveCfg = Debug|x64
		{C050356E-4DAF-4145-8033-7A7E7AFDB622}.Debug|x64.Build.0 = Debug|x64
		{C050356E-4DAF-4145-8033-7A7E7AFDB622}.Debug|x86.ActiveCfg = Debug|Win32
		{C050356E-4DAF-4145-8033-7A7E7AFDB622}.Debug|x86.Build.0 = Debug|Win32
		{C050356E-4DAF-4145-8033-7A7E7AFDB622}.Release|x64.ActiveCfg = Release|x64
		{C050356E-4DAF-4145-8033-7A7E7AFDB622}.Release|x64.Build.0 = Release|x64
		{C050356E-4DAF-4145-8033-7A7E7AFDB622}.Release|x86.ActiveCfg = Release|Win32
		{C050356E-4DAF-4145-8033-7A7E7AFDB622}.Release|x86.Build.0 = Release|Win32
	EndGlobalSection
	GlobalSection(SolutionProperties) = preSolution
		HideSolutionNode = FALSE
	EndGlobalSection
	GlobalSection(ExtensibilityGlobals) = postSolution
		SolutionGuid = {8238A22B-3FE3-4FAA-AF99-10B412AB4DFD}
	EndGlobalSection
EndGlobal
